{
  "object": {
    "pins": [
      {
        "package": "SwiftFormat",
        "repositoryURL": "https://github.com/nicklockwood/SwiftFormat",
        "state": {
          "branch": null,
          "revision": "ae4d0b672cd7094ae513097c617951a5ac714418",
          "version": "0.50.8"
        }
      }
    ]
  },
  "version": 1
}
